
Microsoft Visual Studio Solution File, Format Version 12.00
# Visual Studio 2012
Project("{FAE04EC0-301F-11D3-BF4B-00C04F79EFBC}") = "BareGame", "Game\BareGame.csproj", "{9698B114-4286-49A8-A29D-C69C3753AE59}"
EndProject
Project("{FAE04EC0-301F-11D3-BF4B-00C04F79EFBC}") = "Tests", "Tests\Tests.csproj", "{59ABF06B-0BF8-4911-9FCC-89DFA4D00063}"
EndProject
Global
	GlobalSection(SolutionConfigurationPlatforms) = preSolution
		Debug|Any CPU = Debug|Any CPU
		Release|Any CPU = Release|Any CPU
	EndGlobalSection
	GlobalSection(ProjectConfigurationPlatforms) = postSolution
		{9698B114-4286-49A8-A29D-C69C3753AE59}.Debug|Any CPU.ActiveCfg = Debug|Any CPU
		{9698B114-4286-49A8-A29D-C69C3753AE59}.Debug|Any CPU.Build.0 = Debug|Any CPU
		{9698B114-4286-49A8-A29D-C69C3753AE59}.Release|Any CPU.ActiveCfg = Release|Any CPU
		{9698B114-4286-49A8-A29D-C69C3753AE59}.Release|Any CPU.Build.0 = Release|Any CPU
		{59ABF06B-0BF8-4911-9FCC-89DFA4D00063}.Debug|Any CPU.ActiveCfg = Debug|Any CPU
		{59ABF06B-0BF8-4911-9FCC-89DFA4D00063}.Debug|Any CPU.Build.0 = Debug|Any CPU
		{59ABF06B-0BF8-4911-9FCC-89DFA4D00063}.Release|Any CPU.ActiveCfg = Release|Any CPU
		{59ABF06B-0BF8-4911-9FCC-89DFA4D00063}.Release|Any CPU.Build.0 = Release|Any CPU
	EndGlobalSection
EndGlobal
